// !$*UTF8*$!
{
	archiveVersion = 1;
	classes = {
	};
	objectVersion = 56;
	objects = {

/* Begin PBXBuildFile section */
		DD6AE20E2B77D985004AA4B8 /* CryptoCurrency.swift in Sources */ = {isa = PBXBuildFile; fileRef = DD6AE20D2B77D985004AA4B8 /* CryptoCurrency.swift */; };
		DD6AE2102B77DC59004AA4B8 /* WebService.swift in Sources */ = {isa = PBXBuildFile; fileRef = DD6AE20F2B77DC59004AA4B8 /* WebService.swift */; };
		DD6AE2122B77E014004AA4B8 /* CryptoViewModel.swift in Sources */ = {isa = PBXBuildFile; fileRef = DD6AE2112B77E014004AA4B8 /* CryptoViewModel.swift */; };
		DD824E962B77D45300089E17 /* CryptoCurrencySwiftUIApp.swift in Sources */ = {isa = PBXBuildFile; fileRef = DD824E952B77D45300089E17 /* CryptoCurrencySwiftUIApp.swift */; };
		DD824E982B77D45300089E17 /* MainView.swift in Sources */ = {isa = PBXBuildFile; fileRef = DD824E972B77D45300089E17 /* MainView.swift */; };
		DD824E9A2B77D45400089E17 /* Assets.xcassets in Resources */ = {isa = PBXBuildFile; fileRef = DD824E992B77D45400089E17 /* Assets.xcassets */; };
		DD824E9D2B77D45400089E17 /* Preview Assets.xcassets in Resources */ = {isa = PBXBuildFile; fileRef = DD824E9C2B77D45400089E17 /* Preview Assets.xcassets */; };
/* End PBXBuildFile section */

/* Begin PBXFileReference section */
		DD6AE20D2B77D985004AA4B8 /* CryptoCurrency.swift */ = {isa = PBXFileReference; lastKnownFileType = sourcecode.swift; path = CryptoCurrency.swift; sourceTree = "<group>"; };
		DD6AE20F2B77DC59004AA4B8 /* WebService.swift */ = {isa = PBXFileReference; lastKnownFileType = sourcecode.swift; path = WebService.swift; sourceTree = "<group>"; };
		DD6AE2112B77E014004AA4B8 /* CryptoViewModel.swift */ = {isa = PBXFileReference; lastKnownFileType = sourcecode.swift; path = CryptoViewModel.swift; sourceTree = "<group>"; };
		DD824E922B77D45300089E17 /* CryptoCurrencySwiftUI.app */ = {isa = PBXFileReference; explicitFileType = wrapper.application; includeInIndex = 0; path = CryptoCurrencySwiftUI.app; sourceTree = BUILT_PRODUCTS_DIR; };
		DD824E952B77D45300089E17 /* CryptoCurrencySwiftUIApp.swift */ = {isa = PBXFileReference; lastKnownFileType = sourcecode.swift; path = CryptoCurrencySwiftUIApp.swift; sourceTree = "<group>"; };
		DD824E972B77D45300089E17 /* MainView.swift */ = {isa = PBXFileReference; lastKnownFileType = sourcecode.swift; path = MainView.swift; sourceTree = "<group>"; };
		DD824E992B77D45400089E17 /* Assets.xcassets */ = {isa = PBXFileReference; lastKnownFileType = folder.assetcatalog; path = Assets.xcassets; sourceTree = "<group>"; };
		DD824E9C2B77D45400089E17 /* Preview Assets.xcassets */ = {isa = PBXFileReference; lastKnownFileType = folder.assetcatalog; path = "Preview Assets.xcassets"; sourceTree = "<group>"; };
/* End PBXFileReference section */

/* Begin PBXFrameworksBuildPhase section */
		DD824E8F2B77D45300089E17 /* Frameworks */ = {
			isa = PBXFrameworksBuildPhase;
			buildActionMask = 2147483647;
			files = (
			);
			runOnlyForDeploymentPostprocessing = 0;
		};
/* End PBXFrameworksBuildPhase section */

/* Begin PBXGroup section */
		DD824E892B77D45300089E17 = {
			isa = PBXGroup;
			children = (
				DD824E942B77D45300089E17 /* CryptoCurrencySwiftUI */,
				DD824E932B77D45300089E17 /* Products */,
			);
			sourceTree = "<group>";
		};
		DD824E932B77D45300089E17 /* Products */ = {
			isa = PBXGroup;
			children = (
				DD824E922B77D45300089E17 /* CryptoCurrencySwiftUI.app */,
			);
			name = Products;
			sourceTree = "<group>";
		};
		DD824E942B77D45300089E17 /* CryptoCurrencySwiftUI */ = {
			isa = PBXGroup;
			children = (
				DD824EA62B77D54300089E17 /* Service */,
				DD824EA52B77D52500089E17 /* Viewodel */,
				DD824EA42B77D52000089E17 /* View */,
				DD824EA32B77D51000089E17 /* Model */,
				DD824E952B77D45300089E17 /* CryptoCurrencySwiftUIApp.swift */,
				DD824E992B77D45400089E17 /* Assets.xcassets */,
				DD824E9B2B77D45400089E17 /* Preview Content */,
			);
			path = CryptoCurrencySwiftUI;
			sourceTree = "<group>";
		};
		DD824E9B2B77D45400089E17 /* Preview Content */ = {
			isa = PBXGroup;
			children = (
				DD824E9C2B77D45400089E17 /* Preview Assets.xcassets */,
			);
			path = "Preview Content";
			sourceTree = "<group>";
		};
		DD824EA32B77D51000089E17 /* Model */ = {
			isa = PBXGroup;
			children = (
				DD6AE20D2B77D985004AA4B8 /* CryptoCurrency.swift */,
			);
			path = Model;
			sourceTree = "<group>";
		};
		DD824EA42B77D52000089E17 /* View */ = {
			isa = PBXGroup;
			children = (
				DD824E972B77D45300089E17 /* MainView.swift */,
			);
			path = View;
			sourceTree = "<group>";
		};
		DD824EA52B77D52500089E17 /* Viewodel */ = {
			isa = PBXGroup;
			children = (
				DD6AE2112B77E014004AA4B8 /* CryptoViewModel.swift */,
			);
			path = Viewodel;
			sourceTree = "<group>";
		};
		DD824EA62B77D54300089E17 /* Service */ = {
			isa = PBXGroup;
			children = (
				DD6AE20F2B77DC59004AA4B8 /* WebService.swift */,
			);
			path = Service;
			sourceTree = "<group>";
		};
/* End PBXGroup section */

/* Begin PBXNativeTarget section */
		DD824E912B77D45300089E17 /* CryptoCurrencySwiftUI */ = {
			isa = PBXNativeTarget;
			buildConfigurationList = DD824EA02B77D45400089E17 /* Build configuration list for PBXNativeTarget "CryptoCurrencySwiftUI" */;
			buildPhases = (
				DD824E8E2B77D45300089E17 /* Sources */,
				DD824E8F2B77D45300089E17 /* Frameworks */,
				DD824E902B77D45300089E17 /* Resources */,
			);
			buildRules = (
			);
			dependencies = (
			);
			name = CryptoCurrencySwiftUI;
			productName = CryptoCurrencySwiftUI;
			productReference = DD824E922B77D45300089E17 /* CryptoCurrencySwiftUI.app */;
			productType = "com.apple.product-type.application";
		};
/* End PBXNativeTarget section */

/* Begin PBXProject section */
		DD824E8A2B77D45300089E17 /* Project object */ = {
			isa = PBXProject;
			attributes = {
				BuildIndependentTargetsInParallel = 1;
				LastSwiftUpdateCheck = 1410;
				LastUpgradeCheck = 1410;
				TargetAttributes = {
					DD824E912B77D45300089E17 = {
						CreatedOnToolsVersion = 14.1;
					};
				};
			};
			buildConfigurationList = DD824E8D2B77D45300089E17 /* Build configuration list for PBXProject "CryptoCurrencySwiftUI" */;
			compatibilityVersion = "Xcode 14.0";
			developmentRegion = en;
			hasScannedForEncodings = 0;
			knownRegions = (
				en,
				Base,
			);
			mainGroup = DD824E892B77D45300089E17;
			productRefGroup = DD824E932B77D45300089E17 /* Products */;
			projectDirPath = "";
			projectRoot = "";
			targets = (
				DD824E912B77D45300089E17 /* CryptoCurrencySwiftUI */,
			);
		};
/* End PBXProject section */

/* Begin PBXResourcesBuildPhase section */
		DD824E902B77D45300089E17 /* Resources */ = {
			isa = PBXResourcesBuildPhase;
			buildActionMask = 2147483647;
			files = (
				DD824E9D2B77D45400089E17 /* Preview Assets.xcassets in Resources */,
				DD824E9A2B77D45400089E17 /* Assets.xcassets in Resources */,
			);
			runOnlyForDeploymentPostprocessing = 0;
		};
/* End PBXResourcesBuildPhase section */

/* Begin PBXSourcesBuildPhase section */
		DD824E8E2B77D45300089E17 /* Sources */ = {
			isa = PBXSourcesBuildPhase;
			buildActionMask = 2147483647;
			files = (
				DD824E982B77D45300089E17 /* MainView.swift in Sources */,
				DD6AE20E2B77D985004AA4B8 /* CryptoCurrency.swift in Sources */,
				DD6AE2102B77DC59004AA4B8 /* WebService.swift in Sources */,
				DD824E962B77D45300089E17 /* CryptoCurrencySwiftUIApp.swift in Sources */,
				DD6AE2122B77E014004AA4B8 /* CryptoViewModel.swift in Sources */,
			);
			runOnlyForDeploymentPostprocessing = 0;
		};
/* End PBXSourcesBuildPhase section */

/* Begin XCBuildConfiguration section */
		DD824E9E2B77D45400089E17 /* Debug */ = {
			isa = XCBuildConfiguration;
			buildSettings = {
				ALWAYS_SEARCH_USER_PATHS = NO;
				CLANG_ANALYZER_NONNULL = YES;
				CLANG_ANALYZER_NUMBER_OBJECT_CONVERSION = YES_AGGRESSIVE;
				CLANG_CXX_LANGUAGE_STANDARD = "gnu++20";
				CLANG_ENABLE_MODULES = YES;
				CLANG_ENABLE_OBJC_ARC = YES;
				CLANG_ENABLE_OBJC_WEAK = YES;
				CLANG_WARN_BLOCK_CAPTURE_AUTORELEASING = YES;
				CLANG_WARN_BOOL_CONVERSION = YES;
				CLANG_WARN_COMMA = YES;
				CLANG_WARN_CONSTANT_CONVERSION = YES;
				CLANG_WARN_DEPRECATED_OBJC_IMPLEMENTATIONS = YES;
				CLANG_WARN_DIRECT_OBJC_ISA_USAGE = YES_ERROR;
				CLANG_WARN_DOCUMENTATION_COMMENTS = YES;
				CLANG_WARN_EMPTY_BODY = YES;
				CLANG_WARN_ENUM_CONVERSION = YES;
				CLANG_WARN_INFINITE_RECURSION = YES;
				CLANG_WARN_INT_CONVERSION = YES;
				CLANG_WARN_NON_LITERAL_NULL_CONVERSION = YES;
				CLANG_WARN_OBJC_IMPLICIT_RETAIN_SELF = YES;
				CLANG_WARN_OBJC_LITERAL_CONVERSION = YES;
				CLANG_WARN_OBJC_ROOT_CLASS = YES_ERROR;
				CLANG_WARN_QUOTED_INCLUDE_IN_FRAMEWORK_HEADER = YES;
				CLANG_WARN_RANGE_LOOP_ANALYSIS = YES;
				CLANG_WARN_STRICT_PROTOTYPES = YES;
				CLANG_WARN_SUSPICIOUS_MOVE = YES;
				CLANG_WARN_UNGUARDED_AVAILABILITY = YES_AGGRESSIVE;
				CLANG_WARN_UNREACHABLE_CODE = YES;
				CLANG_WARN__DUPLICATE_METHOD_MATCH = YES;
				COPY_PHASE_STRIP = NO;
				DEBUG_INFORMATION_FORMAT = dwarf;
				ENABLE_STRICT_OBJC_MSGSEND = YES;
				ENABLE_TESTABILITY = YES;
				GCC_C_LANGUAGE_STANDARD = gnu11;
				GCC_DYNAMIC_NO_PIC = NO;
				GCC_NO_COMMON_BLOCKS = YES;
				GCC_OPTIMIZATION_LEVEL = 0;
				GCC_PREPROCESSOR_DEFINITIONS = (
					"DEBUG=1",
					"$(inherited)",
				);
				GCC_WARN_64_TO_32_BIT_CONVERSION = YES;
				GCC_WARN_ABOUT_RETURN_TYPE = YES_ERROR;
				GCC_WARN_UNDECLARED_SELECTOR = YES;
				GCC_WARN_UNINITIALIZED_AUTOS = YES_AGGRESSIVE;
				GCC_WARN_UNUSED_FUNCTION = YES;
				GCC_WARN_UNUSED_VARIABLE = YES;
				IPHONEOS_DEPLOYMENT_TARGET = 16.1;
				MTL_ENABLE_DEBUG_INFO = INCLUDE_SOURCE;
				MTL_FAST_MATH = YES;
				ONLY_ACTIVE_ARCH = YES;
				SDKROOT = iphoneos;
				SWIFT_ACTIVE_COMPILATION_CONDITIONS = DEBUG;
				SWIFT_OPTIMIZATION_LEVEL = "-Onone";
			};
			name = Debug;
		};
		DD824E9F2B77D45400089E17 /* Release */ = {
			isa = XCBuildConfiguration;
			buildSettings = {
				ALWAYS_SEARCH_USER_PATHS = NO;
				CLANG_ANALYZER_NONNULL = YES;
				CLANG_ANALYZER_NUMBER_OBJECT_CONVERSION = YES_AGGRESSIVE;
				CLANG_CXX_LANGUAGE_STANDARD = "gnu++20";
				CLANG_ENABLE_MODULES = YES;
				CLANG_ENABLE_OBJC_ARC = YES;
				CLANG_ENABLE_OBJC_WEAK = YES;
				CLANG_WARN_BLOCK_CAPTURE_AUTORELEASING = YES;
				CLANG_WARN_BOOL_CONVERSION = YES;
				CLANG_WARN_COMMA = YES;
				CLANG_WARN_CONSTANT_CONVERSION = YES;
				CLANG_WARN_DEPRECATED_OBJC_IMPLEMENTATIONS = YES;
				CLANG_WARN_DIRECT_OBJC_ISA_USAGE = YES_ERROR;
				CLANG_WARN_DOCUMENTATION_COMMENTS = YES;
				CLANG_WARN_EMPTY_BODY = YES;
				CLANG_WARN_ENUM_CONVERSION = YES;
				CLANG_WARN_INFINITE_RECURSION = YES;
				CLANG_WARN_INT_CONVERSION = YES;
				CLANG_WARN_NON_LITERAL_NULL_CONVERSION = YES;
				CLANG_WARN_OBJC_IMPLICIT_RETAIN_SELF = YES;
				CLANG_WARN_OBJC_LITERAL_CONVERSION = YES;
				CLANG_WARN_OBJC_ROOT_CLASS = YES_ERROR;
				CLANG_WARN_QUOTED_INCLUDE_IN_FRAMEWORK_HEADER = YES;
				CLANG_WARN_RANGE_LOOP_ANALYSIS = YES;
				CLANG_WARN_STRICT_PROTOTYPES = YES;
				CLANG_WARN_SUSPICIOUS_MOVE = YES;
				CLANG_WARN_UNGUARDED_AVAILABILITY = YES_AGGRESSIVE;
				CLANG_WARN_UNREACHABLE_CODE = YES;
				CLANG_WARN__DUPLICATE_METHOD_MATCH = YES;
				COPY_PHASE_STRIP = NO;
				DEBUG_INFORMATION_FORMAT = "dwarf-with-dsym";
				ENABLE_NS_ASSERTIONS = NO;
				ENABLE_STRICT_OBJC_MSGSEND = YES;
				GCC_C_LANGUAGE_STANDARD = gnu11;
				GCC_NO_COMMON_BLOCKS = YES;
				GCC_WARN_64_TO_32_BIT_CONVERSION = YES;
				GCC_WARN_ABOUT_RETURN_TYPE = YES_ERROR;
				GCC_WARN_UNDECLARED_SELECTOR = YES;
				GCC_WARN_UNINITIALIZED_AUTOS = YES_AGGRESSIVE;
				GCC_WARN_UNUSED_FUNCTION = YES;
				GCC_WARN_UNUSED_VARIABLE = YES;
				IPHONEOS_DEPLOYMENT_TARGET = 16.1;
				MTL_ENABLE_DEBUG_INFO = NO;
				MTL_FAST_MATH = YES;
				SDKROOT = iphoneos;
				SWIFT_COMPILATION_MODE = wholemodule;
				SWIFT_OPTIMIZATION_LEVEL = "-O";
				VALIDATE_PRODUCT = YES;
			};
			name = Release;
		};
		DD824EA12B77D45400089E17 /* Debug */ = {
			isa = XCBuildConfiguration;
			buildSettings = {
				ASSETCATALOG_COMPILER_APPICON_NAME = AppIcon;
				ASSETCATALOG_COMPILER_GLOBAL_ACCENT_COLOR_NAME = AccentColor;
				CODE_SIGN_STYLE = Automatic;
				CURRENT_PROJECT_VERSION = 1;
				DEVELOPMENT_ASSET_PATHS = "\"CryptoCurrencySwiftUI/Preview Content\"";
				DEVELOPMENT_TEAM = 96P2T6UMRT;
				ENABLE_PREVIEWS = YES;
				GENERATE_INFOPLIST_FILE = YES;
				INFOPLIST_KEY_UIApplicationSceneManifest_Generation = YES;
				INFOPLIST_KEY_UIApplicationSupportsIndirectInputEvents = YES;
				INFOPLIST_KEY_UILaunchScreen_Generation = YES;
				INFOPLIST_KEY_UISupportedInterfaceOrientations_iPad = "UIInterfaceOrientationPortrait UIInterfaceOrientationPortraitUpsideDown UIInterfaceOrientationLandscapeLeft UIInterfaceOrientationLandscapeRight";
				INFOPLIST_KEY_UISupportedInterfaceOrientations_iPhone = "UIInterfaceOrientationPortrait UIInterfaceOrientationLandscapeLeft UIInterfaceOrientationLandscapeRight";
				LD_RUNPATH_SEARCH_PATHS = (
					"$(inherited)",
					"@executable_path/Frameworks",
				);
				MARKETING_VERSION = 1.0;
				PRODUCT_BUNDLE_IDENTIFIER = com.oguzhangumus.CryptoCurrencySwiftUI;
				PRODUCT_NAME = "$(TARGET_NAME)";
				SWIFT_EMIT_LOC_STRINGS = YES;
				SWIFT_VERSION = 5.0;
				TARGETED_DEVICE_FAMILY = "1,2";
			};
			name = Debug;
		};
		DD824EA22B77D45400089E17 /* Release */ = {
			isa = XCBuildConfiguration;
			buildSettings = {
				ASSETCATALOG_COMPILER_APPICON_NAME = AppIcon;
				ASSETCATALOG_COMPILER_GLOBAL_ACCENT_COLOR_NAME = AccentColor;
				CODE_SIGN_STYLE = Automatic;
				CURRENT_PROJECT_VERSION = 1;
				DEVELOPMENT_ASSET_PATHS = "\"CryptoCurrencySwiftUI/Preview Content\"";
				DEVELOPMENT_TEAM = 96P2T6UMRT;
				ENABLE_PREVIEWS = YES;
				GENERATE_INFOPLIST_FILE = YES;
				INFOPLIST_KEY_UIApplicationSceneManifest_Generation = YES;
				INFOPLIST_KEY_UIApplicationSupportsIndirectInputEvents = YES;
				INFOPLIST_KEY_UILaunchScreen_Generation = YES;
				INFOPLIST_KEY_UISupportedInterfaceOrientations_iPad = "UIInterfaceOrientationPortrait UIInterfaceOrientationPortraitUpsideDown UIInterfaceOrientationLandscapeLeft UIInterfaceOrientationLandscapeRight";
				INFOPLIST_KEY_UISupportedInterfaceOrientations_iPhone = "UIInterfaceOrientationPortrait UIInterfaceOrientationLandscapeLeft UIInterfaceOrientationLandscapeRight";
				LD_RUNPATH_SEARCH_PATHS = (
					"$(inherited)",
					"@executable_path/Frameworks",
				);
				MARKETING_VERSION = 1.0;
				PRODUCT_BUNDLE_IDENTIFIER = com.oguzhangumus.CryptoCurrencySwiftUI;
				PRODUCT_NAME = "$(TARGET_NAME)";
				SWIFT_EMIT_LOC_STRINGS = YES;
				SWIFT_VERSION = 5.0;
				TARGETED_DEVICE_FAMILY = "1,2";
			};
			name = Release;
		};
/* End XCBuildConfiguration section */

/* Begin XCConfigurationList section */
		DD824E8D2B77D45300089E17 /* Build configuration list for PBXProject "CryptoCurrencySwiftUI" */ = {
			isa = XCConfigurationList;
			buildConfigurations = (
				DD824E9E2B77D45400089E17 /* Debug */,
				DD824E9F2B77D45400089E17 /* Release */,
			);
			defaultConfigurationIsVisible = 0;
			defaultConfigurationName = Release;
		};
		DD824EA02B77D45400089E17 /* Build configuration list for PBXNativeTarget "CryptoCurrencySwiftUI" */ = {
			isa = XCConfigurationList;
			buildConfigurations = (
				DD824EA12B77D45400089E17 /* Debug */,
				DD824EA22B77D45400089E17 /* Release */,
			);
			defaultConfigurationIsVisible = 0;
			defaultConfigurationName = Release;
		};
/* End XCConfigurationList section */
	};
	rootObject = DD824E8A2B77D45300089E17 /* Project object */;
}
